
Microsoft Visual Studio Solution File, Format Version 12.00
# Visual Studio 15
VisualStudioVersion = 15.0.27130.2027
MinimumVisualStudioVersion = 10.0.40219.1
Project("{FAE04EC0-301F-11D3-BF4B-00C04F79EFBC}") = "FibonacciLibrary", "FibonacciLibrary\FibonacciLibrary.csproj", "{43E265B0-19E4-45EE-952A-6CB473D42C36}"
EndProject
Project("{FAE04EC0-301F-11D3-BF4B-00C04F79EFBC}") = "FibonacciLib.Test", "FibonacciLib.Test\FibonacciLib.Test.csproj", "{8C24D353-993F-489A-B74C-03D1317BE1D5}"
EndProject
Project("{FAE04EC0-301F-11D3-BF4B-00C04F79EFBC}") = "FilterLib", "FilterLib\FilterLib.csproj", "{68BA1B31-B9F5-4890-80DE-976A82D5DEA6}"
EndProject
Project("{FAE04EC0-301F-11D3-BF4B-00C04F79EFBC}") = "FilterLib.Test", "FilterLib.Test\FilterLib.Test.csproj", "{EE798D7E-F5EE-4D31-819A-3DBC76768E5A}"
EndProject
Global
	GlobalSection(SolutionConfigurationPlatforms) = preSolution
		Debug|Any CPU = Debug|Any CPU
		Release|Any CPU = Release|Any CPU
	EndGlobalSection
	GlobalSection(ProjectConfigurationPlatforms) = postSolution
		{43E265B0-19E4-45EE-952A-6CB473D42C36}.Debug|Any CPU.ActiveCfg = Debug|Any CPU
		{43E265B0-19E4-45EE-952A-6CB473D42C36}.Debug|Any CPU.Build.0 = Debug|Any CPU
		{43E265B0-19E4-45EE-952A-6CB473D42C36}.Release|Any CPU.ActiveCfg = Release|Any CPU
		{43E265B0-19E4-45EE-952A-6CB473D42C36}.Release|Any CPU.Build.0 = Release|Any CPU
		{8C24D353-993F-489A-B74C-03D1317BE1D5}.Debug|Any CPU.ActiveCfg = Debug|Any CPU
		{8C24D353-993F-489A-B74C-03D1317BE1D5}.Debug|Any CPU.Build.0 = Debug|Any CPU
		{8C24D353-993F-489A-B74C-03D1317BE1D5}.Release|Any CPU.ActiveCfg = Release|Any CPU
		{8C24D353-993F-489A-B74C-03D1317BE1D5}.Release|Any CPU.Build.0 = Release|Any CPU
		{68BA1B31-B9F5-4890-80DE-976A82D5DEA6}.Debug|Any CPU.ActiveCfg = Debug|Any CPU
		{68BA1B31-B9F5-4890-80DE-976A82D5DEA6}.Debug|Any CPU.Build.0 = Debug|Any CPU
		{68BA1B31-B9F5-4890-80DE-976A82D5DEA6}.Release|Any CPU.ActiveCfg = Release|Any CPU
		{68BA1B31-B9F5-4890-80DE-976A82D5DEA6}.Release|Any CPU.Build.0 = Release|Any CPU
		{EE798D7E-F5EE-4D31-819A-3DBC76768E5A}.Debug|Any CPU.ActiveCfg = Debug|Any CPU
		{EE798D7E-F5EE-4D31-819A-3DBC76768E5A}.Debug|Any CPU.Build.0 = Debug|Any CPU
		{EE798D7E-F5EE-4D31-819A-3DBC76768E5A}.Release|Any CPU.ActiveCfg = Release|Any CPU
		{EE798D7E-F5EE-4D31-819A-3DBC76768E5A}.Release|Any CPU.Build.0 = Release|Any CPU
	EndGlobalSection
	GlobalSection(SolutionProperties) = preSolution
		HideSolutionNode = FALSE
	EndGlobalSection
	GlobalSection(ExtensibilityGlobals) = postSolution
		SolutionGuid = {81E8110A-75BA-4BD1-96E7-B2D5464FFF79}
	EndGlobalSection
EndGlobal
