
Microsoft Visual Studio Solution File, Format Version 12.00
# Visual Studio 15
VisualStudioVersion = 15.0.27130.2027
MinimumVisualStudioVersion = 10.0.40219.1
Project("{FAE04EC0-301F-11D3-BF4B-00C04F79EFBC}") = "Operations", "ArrayTransform\Operations.csproj", "{C938965B-9109-4602-A8E8-91ADE74F0857}"
EndProject
Project("{FAE04EC0-301F-11D3-BF4B-00C04F79EFBC}") = "Operations.Tests", "ArrayTransform.Tests\Operations.Tests.csproj", "{AC2F32B0-20D6-402F-B415-1EF597810277}"
EndProject
Project("{FAE04EC0-301F-11D3-BF4B-00C04F79EFBC}") = "Filter.Test", "Filter.Test\Filter.Test.csproj", "{8BDFBE04-E28E-4070-9FB8-0C5FB66CDB22}"
EndProject
Global
	GlobalSection(SolutionConfigurationPlatforms) = preSolution
		Debug|Any CPU = Debug|Any CPU
		Release|Any CPU = Release|Any CPU
	EndGlobalSection
	GlobalSection(ProjectConfigurationPlatforms) = postSolution
		{C938965B-9109-4602-A8E8-91ADE74F0857}.Debug|Any CPU.ActiveCfg = Debug|Any CPU
		{C938965B-9109-4602-A8E8-91ADE74F0857}.Debug|Any CPU.Build.0 = Debug|Any CPU
		{C938965B-9109-4602-A8E8-91ADE74F0857}.Release|Any CPU.ActiveCfg = Release|Any CPU
		{C938965B-9109-4602-A8E8-91ADE74F0857}.Release|Any CPU.Build.0 = Release|Any CPU
		{AC2F32B0-20D6-402F-B415-1EF597810277}.Debug|Any CPU.ActiveCfg = Debug|Any CPU
		{AC2F32B0-20D6-402F-B415-1EF597810277}.Debug|Any CPU.Build.0 = Debug|Any CPU
		{AC2F32B0-20D6-402F-B415-1EF597810277}.Release|Any CPU.ActiveCfg = Release|Any CPU
		{AC2F32B0-20D6-402F-B415-1EF597810277}.Release|Any CPU.Build.0 = Release|Any CPU
		{8BDFBE04-E28E-4070-9FB8-0C5FB66CDB22}.Debug|Any CPU.ActiveCfg = Debug|Any CPU
		{8BDFBE04-E28E-4070-9FB8-0C5FB66CDB22}.Debug|Any CPU.Build.0 = Debug|Any CPU
		{8BDFBE04-E28E-4070-9FB8-0C5FB66CDB22}.Release|Any CPU.ActiveCfg = Release|Any CPU
		{8BDFBE04-E28E-4070-9FB8-0C5FB66CDB22}.Release|Any CPU.Build.0 = Release|Any CPU
	EndGlobalSection
	GlobalSection(SolutionProperties) = preSolution
		HideSolutionNode = FALSE
	EndGlobalSection
	GlobalSection(ExtensibilityGlobals) = postSolution
		SolutionGuid = {E163C356-DFC7-49E6-97E5-4CDF5FDEC9B5}
	EndGlobalSection
EndGlobal
