
Microsoft Visual Studio Solution File, Format Version 12.00
# Visual Studio 15
VisualStudioVersion = 15.0.27130.2027
MinimumVisualStudioVersion = 10.0.40219.1
Project("{FAE04EC0-301F-11D3-BF4B-00C04F79EFBC}") = "TimerLibrary", "TimerLibrary\TimerLibrary.csproj", "{05FB0681-A7A1-422E-8AB9-FDA3BBCCD715}"
EndProject
Project("{FAE04EC0-301F-11D3-BF4B-00C04F79EFBC}") = "Timer.Console.Test", "Timer.Console.Test\Timer.Console.Test.csproj", "{81EEF232-0F86-4843-87D2-23E188762D30}"
EndProject
Project("{FAE04EC0-301F-11D3-BF4B-00C04F79EFBC}") = "ObserverDemoUsingEvent", "ObserverDemoUsingEvent\ObserverDemoUsingEvent.csproj", "{84B55548-37E3-416C-8222-7AE349094801}"
EndProject
Project("{FAE04EC0-301F-11D3-BF4B-00C04F79EFBC}") = "ObserverDemoUsingEvent.Console.Test", "ObserverDemoUsingEvent.Console.Test\ObserverDemoUsingEvent.Console.Test.csproj", "{9D6C8DA1-EAC7-4FDC-B316-6B88936A6B86}"
EndProject
Global
	GlobalSection(SolutionConfigurationPlatforms) = preSolution
		Debug|Any CPU = Debug|Any CPU
		Release|Any CPU = Release|Any CPU
	EndGlobalSection
	GlobalSection(ProjectConfigurationPlatforms) = postSolution
		{05FB0681-A7A1-422E-8AB9-FDA3BBCCD715}.Debug|Any CPU.ActiveCfg = Debug|Any CPU
		{05FB0681-A7A1-422E-8AB9-FDA3BBCCD715}.Debug|Any CPU.Build.0 = Debug|Any CPU
		{05FB0681-A7A1-422E-8AB9-FDA3BBCCD715}.Release|Any CPU.ActiveCfg = Release|Any CPU
		{05FB0681-A7A1-422E-8AB9-FDA3BBCCD715}.Release|Any CPU.Build.0 = Release|Any CPU
		{81EEF232-0F86-4843-87D2-23E188762D30}.Debug|Any CPU.ActiveCfg = Debug|Any CPU
		{81EEF232-0F86-4843-87D2-23E188762D30}.Debug|Any CPU.Build.0 = Debug|Any CPU
		{81EEF232-0F86-4843-87D2-23E188762D30}.Release|Any CPU.ActiveCfg = Release|Any CPU
		{81EEF232-0F86-4843-87D2-23E188762D30}.Release|Any CPU.Build.0 = Release|Any CPU
		{84B55548-37E3-416C-8222-7AE349094801}.Debug|Any CPU.ActiveCfg = Debug|Any CPU
		{84B55548-37E3-416C-8222-7AE349094801}.Debug|Any CPU.Build.0 = Debug|Any CPU
		{84B55548-37E3-416C-8222-7AE349094801}.Release|Any CPU.ActiveCfg = Release|Any CPU
		{84B55548-37E3-416C-8222-7AE349094801}.Release|Any CPU.Build.0 = Release|Any CPU
		{9D6C8DA1-EAC7-4FDC-B316-6B88936A6B86}.Debug|Any CPU.ActiveCfg = Debug|Any CPU
		{9D6C8DA1-EAC7-4FDC-B316-6B88936A6B86}.Debug|Any CPU.Build.0 = Debug|Any CPU
		{9D6C8DA1-EAC7-4FDC-B316-6B88936A6B86}.Release|Any CPU.ActiveCfg = Release|Any CPU
		{9D6C8DA1-EAC7-4FDC-B316-6B88936A6B86}.Release|Any CPU.Build.0 = Release|Any CPU
	EndGlobalSection
	GlobalSection(SolutionProperties) = preSolution
		HideSolutionNode = FALSE
	EndGlobalSection
	GlobalSection(ExtensibilityGlobals) = postSolution
		SolutionGuid = {99944C32-D843-459F-A66A-B73978A722EB}
	EndGlobalSection
EndGlobal
