
Microsoft Visual Studio Solution File, Format Version 12.00
# Visual Studio 15
VisualStudioVersion = 15.0.27130.2027
MinimumVisualStudioVersion = 10.0.40219.1
Project("{FAE04EC0-301F-11D3-BF4B-00C04F79EFBC}") = "JaggedArrayLibrary", "JaggedArrayLibrary\JaggedArrayLibrary.csproj", "{B06D7C97-6E7B-4D45-9444-5E94302215AB}"
EndProject
Project("{FAE04EC0-301F-11D3-BF4B-00C04F79EFBC}") = "JaggedArray.Tests", "JaggedArray.Tests\JaggedArray.Tests.csproj", "{837310BF-B564-4167-928C-8780F72B5864}"
EndProject
Global
	GlobalSection(SolutionConfigurationPlatforms) = preSolution
		Debug|Any CPU = Debug|Any CPU
		Release|Any CPU = Release|Any CPU
	EndGlobalSection
	GlobalSection(ProjectConfigurationPlatforms) = postSolution
		{B06D7C97-6E7B-4D45-9444-5E94302215AB}.Debug|Any CPU.ActiveCfg = Debug|Any CPU
		{B06D7C97-6E7B-4D45-9444-5E94302215AB}.Debug|Any CPU.Build.0 = Debug|Any CPU
		{B06D7C97-6E7B-4D45-9444-5E94302215AB}.Release|Any CPU.ActiveCfg = Release|Any CPU
		{B06D7C97-6E7B-4D45-9444-5E94302215AB}.Release|Any CPU.Build.0 = Release|Any CPU
		{837310BF-B564-4167-928C-8780F72B5864}.Debug|Any CPU.ActiveCfg = Debug|Any CPU
		{837310BF-B564-4167-928C-8780F72B5864}.Debug|Any CPU.Build.0 = Debug|Any CPU
		{837310BF-B564-4167-928C-8780F72B5864}.Release|Any CPU.ActiveCfg = Release|Any CPU
		{837310BF-B564-4167-928C-8780F72B5864}.Release|Any CPU.Build.0 = Release|Any CPU
	EndGlobalSection
	GlobalSection(SolutionProperties) = preSolution
		HideSolutionNode = FALSE
	EndGlobalSection
	GlobalSection(ExtensibilityGlobals) = postSolution
		SolutionGuid = {2F932D79-D1CA-483D-96CF-7508060F911C}
	EndGlobalSection
EndGlobal
